<?xml version="1.0" encoding="utf-8"?>
<Project ToolsVersion="4.0" xmlns="http://schemas.microsoft.com/developer/msbuild/2003">
  <ItemGroup>
    <Filter Include="Fugue">
      <UniqueIdentifier>{49301df6-abc2-42ab-aefa-469a35471e09}</UniqueIdentifier>
    </Filter>
    <Filter Include="Fugue\World">
      <UniqueIdentifier>{869d5e99-ced8-490f-b20d-376536d8519a}</UniqueIdentifier>
    </Filter>
    <Filter Include="Fugue\GameObject">
      <UniqueIdentifier>{ce619e5a-4bda-4531-a1d9-91259969bf6c}</UniqueIdentifier>
    </Filter>
    <Filter Include="Fugue\GameObject\Character">
      <UniqueIdentifier>{a3fa190a-3f0b-4e57-9970-0da748023c68}</UniqueIdentifier>
    </Filter>
  </ItemGroup>
  <ItemGroup>
    <ClInclude Include="..\FugueEngine\include\FugueEngine\GameObject.hpp">
      <Filter>Fugue\GameObject</Filter>
    </ClInclude>
    <ClInclude Include="..\FugueEngine\include\FugueEngine\Character.hpp">
      <Filter>Fugue\GameObject\Character</Filter>
    </ClInclude>
    <ClInclude Include="..\FugueEngine\include\FugueEngine\Player.hpp">
      <Filter>Fugue\GameObject\Character</Filter>
    </ClInclude>
    <ClInclude Include="..\FugueEngine\include\FugueEngine\Villager.hpp">
      <Filter>Fugue\GameObject\Character</Filter>
    </ClInclude>
    <ClInclude Include="..\FugueEngine\include\FugueEngine\World.hpp">
      <Filter>Fugue\World</Filter>
    </ClInclude>
    <ClInclude Include="..\FugueEngine\include\FugueEngine\Segment.hpp">
      <Filter>Fugue\World</Filter>
    </ClInclude>
    <ClInclude Include="..\FugueEngine\include\FugueEngine\FugueCore.hpp">
      <Filter>Fugue</Filter>
    </ClInclude>
  </ItemGroup>
  <ItemGroup>
    <ClCompile Include="..\FugueEngine\src\Character.cpp">
      <Filter>Fugue\GameObject\Character</Filter>
    </ClCompile>
    <ClCompile Include="..\FugueEngine\src\Player.cpp">
      <Filter>Fugue\GameObject\Character</Filter>
    </ClCompile>
    <ClCompile Include="..\FugueEngine\src\Villager.cpp">
      <Filter>Fugue\GameObject\Character</Filter>
    </ClCompile>
    <ClCompile Include="..\FugueEngine\src\World.cpp">
      <Filter>Fugue\World</Filter>
    </ClCompile>
    <ClCompile Include="..\FugueEngine\src\Segment.cpp">
      <Filter>Fugue\World</Filter>
    </ClCompile>
    <ClCompile Include="..\FugueEngine\src\main.cpp">
      <Filter>Fugue</Filter>
    </ClCompile>
    <ClCompile Include="..\FugueEngine\src\FugueCore.cpp">
      <Filter>Fugue</Filter>
    </ClCompile>
  </ItemGroup>
</Project>